// !$*UTF8*$!
{
	archiveVersion = 1;
	classes = {
	};
	objectVersion = 50;
	objects = {

/* Begin PBXBuildFile section */
		679020A9249B226C00655C15 /* QuakeDetails.swift in Sources */ = {isa = PBXBuildFile; fileRef = 679020A8249B226C00655C15 /* QuakeDetails.swift */; };
		679DCA7024AAFC7900163691 /* QuakeMap.swift in Sources */ = {isa = PBXBuildFile; fileRef = 679DCA6F24AAFC7900163691 /* QuakeMap.swift */; };
		67E226DC249A960C00601790 /* AppDelegate.swift in Sources */ = {isa = PBXBuildFile; fileRef = 67E226DB249A960C00601790 /* AppDelegate.swift */; };
		67E226DE249A960C00601790 /* SceneDelegate.swift in Sources */ = {isa = PBXBuildFile; fileRef = 67E226DD249A960C00601790 /* SceneDelegate.swift */; };
		67E226E0249A960C00601790 /* ContentView.swift in Sources */ = {isa = PBXBuildFile; fileRef = 67E226DF249A960C00601790 /* ContentView.swift */; };
		67E226E2249A960E00601790 /* Assets.xcassets in Resources */ = {isa = PBXBuildFile; fileRef = 67E226E1249A960E00601790 /* Assets.xcassets */; };
		67E226E5249A960E00601790 /* Preview Assets.xcassets in Resources */ = {isa = PBXBuildFile; fileRef = 67E226E4249A960E00601790 /* Preview Assets.xcassets */; };
		67E226E8249A960E00601790 /* LaunchScreen.storyboard in Resources */ = {isa = PBXBuildFile; fileRef = 67E226E6249A960E00601790 /* LaunchScreen.storyboard */; };
		67E226F0249A963D00601790 /* NetworkingManager.swift in Sources */ = {isa = PBXBuildFile; fileRef = 67E226EF249A963D00601790 /* NetworkingManager.swift */; };
		67E226F3249A9B8800601790 /* Quake.swift in Sources */ = {isa = PBXBuildFile; fileRef = 67E226F2249A9B8800601790 /* Quake.swift */; };
		67E226F6249AA79D00601790 /* CellRow.swift in Sources */ = {isa = PBXBuildFile; fileRef = 67E226F5249AA79D00601790 /* CellRow.swift */; };
/* End PBXBuildFile section */

/* Begin PBXFileReference section */
		679020A8249B226C00655C15 /* QuakeDetails.swift */ = {isa = PBXFileReference; lastKnownFileType = sourcecode.swift; path = QuakeDetails.swift; sourceTree = "<group>"; };
		679DCA6F24AAFC7900163691 /* QuakeMap.swift */ = {isa = PBXFileReference; lastKnownFileType = sourcecode.swift; path = QuakeMap.swift; sourceTree = "<group>"; };
		67C44BE3249E6B39003166C0 /* CPSQuake.entitlements */ = {isa = PBXFileReference; lastKnownFileType = text.plist.entitlements; path = CPSQuake.entitlements; sourceTree = "<group>"; };
		67E226D8249A960C00601790 /* CPSQuake.app */ = {isa = PBXFileReference; explicitFileType = wrapper.application; includeInIndex = 0; path = CPSQuake.app; sourceTree = BUILT_PRODUCTS_DIR; };
		67E226DB249A960C00601790 /* AppDelegate.swift */ = {isa = PBXFileReference; lastKnownFileType = sourcecode.swift; path = AppDelegate.swift; sourceTree = "<group>"; };
		67E226DD249A960C00601790 /* SceneDelegate.swift */ = {isa = PBXFileReference; lastKnownFileType = sourcecode.swift; path = SceneDelegate.swift; sourceTree = "<group>"; };
		67E226DF249A960C00601790 /* ContentView.swift */ = {isa = PBXFileReference; lastKnownFileType = sourcecode.swift; path = ContentView.swift; sourceTree = "<group>"; };
		67E226E1249A960E00601790 /* Assets.xcassets */ = {isa = PBXFileReference; lastKnownFileType = folder.assetcatalog; path = Assets.xcassets; sourceTree = "<group>"; };
		67E226E4249A960E00601790 /* Preview Assets.xcassets */ = {isa = PBXFileReference; lastKnownFileType = folder.assetcatalog; path = "Preview Assets.xcassets"; sourceTree = "<group>"; };
		67E226E7249A960E00601790 /* Base */ = {isa = PBXFileReference; lastKnownFileType = file.storyboard; name = Base; path = Base.lproj/LaunchScreen.storyboard; sourceTree = "<group>"; };
		67E226E9249A960E00601790 /* Info.plist */ = {isa = PBXFileReference; lastKnownFileType = text.plist.xml; path = Info.plist; sourceTree = "<group>"; };
		67E226EF249A963D00601790 /* NetworkingManager.swift */ = {isa = PBXFileReference; lastKnownFileType = sourcecode.swift; path = NetworkingManager.swift; sourceTree = "<group>"; };
		67E226F2249A9B8800601790 /* Quake.swift */ = {isa = PBXFileReference; lastKnownFileType = sourcecode.swift; path = Quake.swift; sourceTree = "<group>"; };
		67E226F5249AA79D00601790 /* CellRow.swift */ = {isa = PBXFileReference; lastKnownFileType = sourcecode.swift; path = CellRow.swift; sourceTree = "<group>"; };
/* End PBXFileReference section */

/* Begin PBXFrameworksBuildPhase section */
		67E226D5249A960C00601790 /* Frameworks */ = {
			isa = PBXFrameworksBuildPhase;
			buildActionMask = 2147483647;
			files = (
			);
			runOnlyForDeploymentPostprocessing = 0;
		};
/* End PBXFrameworksBuildPhase section */

/* Begin PBXGroup section */
		67E226CF249A960C00601790 = {
			isa = PBXGroup;
			children = (
				67E226DA249A960C00601790 /* CPSQuake */,
				67E226D9249A960C00601790 /* Products */,
			);
			sourceTree = "<group>";
		};
		67E226D9249A960C00601790 /* Products */ = {
			isa = PBXGroup;
			children = (
				67E226D8249A960C00601790 /* CPSQuake.app */,
			);
			name = Products;
			sourceTree = "<group>";
		};
		67E226DA249A960C00601790 /* CPSQuake */ = {
			isa = PBXGroup;
			children = (
				67C44BE3249E6B39003166C0 /* CPSQuake.entitlements */,
				67E226F4249AA78600601790 /* Views */,
				67E226F1249A9B6900601790 /* Models */,
				67E226DB249A960C00601790 /* AppDelegate.swift */,
				67E226DD249A960C00601790 /* SceneDelegate.swift */,
				67E226DF249A960C00601790 /* ContentView.swift */,
				67E226E1249A960E00601790 /* Assets.xcassets */,
				67E226E6249A960E00601790 /* LaunchScreen.storyboard */,
				67E226E9249A960E00601790 /* Info.plist */,
				67E226E3249A960E00601790 /* Preview Content */,
			);
			path = CPSQuake;
			sourceTree = "<group>";
		};
		67E226E3249A960E00601790 /* Preview Content */ = {
			isa = PBXGroup;
			children = (
				67E226E4249A960E00601790 /* Preview Assets.xcassets */,
			);
			path = "Preview Content";
			sourceTree = "<group>";
		};
		67E226F1249A9B6900601790 /* Models */ = {
			isa = PBXGroup;
			children = (
				67E226F2249A9B8800601790 /* Quake.swift */,
				67E226EF249A963D00601790 /* NetworkingManager.swift */,
			);
			path = Models;
			sourceTree = "<group>";
		};
		67E226F4249AA78600601790 /* Views */ = {
			isa = PBXGroup;
			children = (
				67E226F5249AA79D00601790 /* CellRow.swift */,
				679020A8249B226C00655C15 /* QuakeDetails.swift */,
				679DCA6F24AAFC7900163691 /* QuakeMap.swift */,
			);
			path = Views;
			sourceTree = "<group>";
		};
/* End PBXGroup section */

/* Begin PBXNativeTarget section */
		67E226D7249A960C00601790 /* CPSQuake */ = {
			isa = PBXNativeTarget;
			buildConfigurationList = 67E226EC249A960E00601790 /* Build configuration list for PBXNativeTarget "CPSQuake" */;
			buildPhases = (
				67E226D4249A960C00601790 /* Sources */,
				67E226D5249A960C00601790 /* Frameworks */,
				67E226D6249A960C00601790 /* Resources */,
			);
			buildRules = (
			);
			dependencies = (
			);
			name = CPSQuake;
			productName = CPSQuake;
			productReference = 67E226D8249A960C00601790 /* CPSQuake.app */;
			productType = "com.apple.product-type.application";
		};
/* End PBXNativeTarget section */

/* Begin PBXProject section */
		67E226D0249A960C00601790 /* Project object */ = {
			isa = PBXProject;
			attributes = {
				LastSwiftUpdateCheck = 1150;
				LastUpgradeCheck = 1200;
				ORGANIZATIONNAME = "Connecting People Software";
				TargetAttributes = {
					67E226D7249A960C00601790 = {
						CreatedOnToolsVersion = 11.5;
					};
				};
			};
			buildConfigurationList = 67E226D3249A960C00601790 /* Build configuration list for PBXProject "CPSQuake" */;
			compatibilityVersion = "Xcode 9.3";
			developmentRegion = en;
			hasScannedForEncodings = 0;
			knownRegions = (
				en,
				Base,
			);
			mainGroup = 67E226CF249A960C00601790;
			productRefGroup = 67E226D9249A960C00601790 /* Products */;
			projectDirPath = "";
			projectRoot = "";
			targets = (
				67E226D7249A960C00601790 /* CPSQuake */,
			);
		};
/* End PBXProject section */

/* Begin PBXResourcesBuildPhase section */
		67E226D6249A960C00601790 /* Resources */ = {
			isa = PBXResourcesBuildPhase;
			buildActionMask = 2147483647;
			files = (
				67E226E8249A960E00601790 /* LaunchScreen.storyboard in Resources */,
				67E226E5249A960E00601790 /* Preview Assets.xcassets in Resources */,
				67E226E2249A960E00601790 /* Assets.xcassets in Resources */,
			);
			runOnlyForDeploymentPostprocessing = 0;
		};
/* End PBXResourcesBuildPhase section */

/* Begin PBXSourcesBuildPhase section */
		67E226D4249A960C00601790 /* Sources */ = {
			isa = PBXSourcesBuildPhase;
			buildActionMask = 2147483647;
			files = (
				679020A9249B226C00655C15 /* QuakeDetails.swift in Sources */,
				67E226DC249A960C00601790 /* AppDelegate.swift in Sources */,
				67E226F0249A963D00601790 /* NetworkingManager.swift in Sources */,
				67E226F3249A9B8800601790 /* Quake.swift in Sources */,
				67E226DE249A960C00601790 /* SceneDelegate.swift in Sources */,
				67E226F6249AA79D00601790 /* CellRow.swift in Sources */,
				679DCA7024AAFC7900163691 /* QuakeMap.swift in Sources */,
				67E226E0249A960C00601790 /* ContentView.swift in Sources */,
			);
			runOnlyForDeploymentPostprocessing = 0;
		};
/* End PBXSourcesBuildPhase section */

/* Begin PBXVariantGroup section */
		67E226E6249A960E00601790 /* LaunchScreen.storyboard */ = {
			isa = PBXVariantGroup;
			children = (
				67E226E7249A960E00601790 /* Base */,
			);
			name = LaunchScreen.storyboard;
			sourceTree = "<group>";
		};
/* End PBXVariantGroup section */

/* Begin XCBuildConfiguration section */
		67E226EA249A960E00601790 /* Debug */ = {
			isa = XCBuildConfiguration;
			buildSettings = {
				ALWAYS_SEARCH_USER_PATHS = NO;
				CLANG_ANALYZER_NONNULL = YES;
				CLANG_ANALYZER_NUMBER_OBJECT_CONVERSION = YES_AGGRESSIVE;
				CLANG_CXX_LANGUAGE_STANDARD = "gnu++14";
				CLANG_CXX_LIBRARY = "libc++";
				CLANG_ENABLE_MODULES = YES;
				CLANG_ENABLE_OBJC_ARC = YES;
				CLANG_ENABLE_OBJC_WEAK = YES;
				CLANG_WARN_BLOCK_CAPTURE_AUTORELEASING = YES;
				CLANG_WARN_BOOL_CONVERSION = YES;
				CLANG_WARN_COMMA = YES;
				CLANG_WARN_CONSTANT_CONVERSION = YES;
				CLANG_WARN_DEPRECATED_OBJC_IMPLEMENTATIONS = YES;
				CLANG_WARN_DIRECT_OBJC_ISA_USAGE = YES_ERROR;
				CLANG_WARN_DOCUMENTATION_COMMENTS = YES;
				CLANG_WARN_EMPTY_BODY = YES;
				CLANG_WARN_ENUM_CONVERSION = YES;
				CLANG_WARN_INFINITE_RECURSION = YES;
				CLANG_WARN_INT_CONVERSION = YES;
				CLANG_WARN_NON_LITERAL_NULL_CONVERSION = YES;
				CLANG_WARN_OBJC_IMPLICIT_RETAIN_SELF = YES;
				CLANG_WARN_OBJC_LITERAL_CONVERSION = YES;
				CLANG_WARN_OBJC_ROOT_CLASS = YES_ERROR;
				CLANG_WARN_QUOTED_INCLUDE_IN_FRAMEWORK_HEADER = YES;
				CLANG_WARN_RANGE_LOOP_ANALYSIS = YES;
				CLANG_WARN_STRICT_PROTOTYPES = YES;
				CLANG_WARN_SUSPICIOUS_MOVE = YES;
				CLANG_WARN_UNGUARDED_AVAILABILITY = YES_AGGRESSIVE;
				CLANG_WARN_UNREACHABLE_CODE = YES;
				CLANG_WARN__DUPLICATE_METHOD_MATCH = YES;
				COPY_PHASE_STRIP = NO;
				DEBUG_INFORMATION_FORMAT = dwarf;
				ENABLE_STRICT_OBJC_MSGSEND = YES;
				ENABLE_TESTABILITY = YES;
				GCC_C_LANGUAGE_STANDARD = gnu11;
				GCC_DYNAMIC_NO_PIC = NO;
				GCC_NO_COMMON_BLOCKS = YES;
				GCC_OPTIMIZATION_LEVEL = 0;
				GCC_PREPROCESSOR_DEFINITIONS = (
					"DEBUG=1",
					"$(inherited)",
				);
				GCC_WARN_64_TO_32_BIT_CONVERSION = YES;
				GCC_WARN_ABOUT_RETURN_TYPE = YES_ERROR;
				GCC_WARN_UNDECLARED_SELECTOR = YES;
				GCC_WARN_UNINITIALIZED_AUTOS = YES_AGGRESSIVE;
				GCC_WARN_UNUSED_FUNCTION = YES;
				GCC_WARN_UNUSED_VARIABLE = YES;
				IPHONEOS_DEPLOYMENT_TARGET = 13.4;
				MTL_ENABLE_DEBUG_INFO = INCLUDE_SOURCE;
				MTL_FAST_MATH = YES;
				ONLY_ACTIVE_ARCH = YES;
				SDKROOT = iphoneos;
				SWIFT_ACTIVE_COMPILATION_CONDITIONS = DEBUG;
				SWIFT_OPTIMIZATION_LEVEL = "-Onone";
			};
			name = Debug;
		};
		67E226EB249A960E00601790 /* Release */ = {
			isa = XCBuildConfiguration;
			buildSettings = {
				ALWAYS_SEARCH_USER_PATHS = NO;
				CLANG_ANALYZER_NONNULL = YES;
				CLANG_ANALYZER_NUMBER_OBJECT_CONVERSION = YES_AGGRESSIVE;
				CLANG_CXX_LANGUAGE_STANDARD = "gnu++14";
				CLANG_CXX_LIBRARY = "libc++";
				CLANG_ENABLE_MODULES = YES;
				CLANG_ENABLE_OBJC_ARC = YES;
				CLANG_ENABLE_OBJC_WEAK = YES;
				CLANG_WARN_BLOCK_CAPTURE_AUTORELEASING = YES;
				CLANG_WARN_BOOL_CONVERSION = YES;
				CLANG_WARN_COMMA = YES;
				CLANG_WARN_CONSTANT_CONVERSION = YES;
				CLANG_WARN_DEPRECATED_OBJC_IMPLEMENTATIONS = YES;
				CLANG_WARN_DIRECT_OBJC_ISA_USAGE = YES_ERROR;
				CLANG_WARN_DOCUMENTATION_COMMENTS = YES;
				CLANG_WARN_EMPTY_BODY = YES;
				CLANG_WARN_ENUM_CONVERSION = YES;
				CLANG_WARN_INFINITE_RECURSION = YES;
				CLANG_WARN_INT_CONVERSION = YES;
				CLANG_WARN_NON_LITERAL_NULL_CONVERSION = YES;
				CLANG_WARN_OBJC_IMPLICIT_RETAIN_SELF = YES;
				CLANG_WARN_OBJC_LITERAL_CONVERSION = YES;
				CLANG_WARN_OBJC_ROOT_CLASS = YES_ERROR;
				CLANG_WARN_QUOTED_INCLUDE_IN_FRAMEWORK_HEADER = YES;
				CLANG_WARN_RANGE_LOOP_ANALYSIS = YES;
				CLANG_WARN_STRICT_PROTOTYPES = YES;
				CLANG_WARN_SUSPICIOUS_MOVE = YES;
				CLANG_WARN_UNGUARDED_AVAILABILITY = YES_AGGRESSIVE;
				CLANG_WARN_UNREACHABLE_CODE = YES;
				CLANG_WARN__DUPLICATE_METHOD_MATCH = YES;
				COPY_PHASE_STRIP = NO;
				DEBUG_INFORMATION_FORMAT = "dwarf-with-dsym";
				ENABLE_NS_ASSERTIONS = NO;
				ENABLE_STRICT_OBJC_MSGSEND = YES;
				GCC_C_LANGUAGE_STANDARD = gnu11;
				GCC_NO_COMMON_BLOCKS = YES;
				GCC_WARN_64_TO_32_BIT_CONVERSION = YES;
				GCC_WARN_ABOUT_RETURN_TYPE = YES_ERROR;
				GCC_WARN_UNDECLARED_SELECTOR = YES;
				GCC_WARN_UNINITIALIZED_AUTOS = YES_AGGRESSIVE;
				GCC_WARN_UNUSED_FUNCTION = YES;
				GCC_WARN_UNUSED_VARIABLE = YES;
				IPHONEOS_DEPLOYMENT_TARGET = 13.4;
				MTL_ENABLE_DEBUG_INFO = NO;
				MTL_FAST_MATH = YES;
				SDKROOT = iphoneos;
				SWIFT_COMPILATION_MODE = wholemodule;
				SWIFT_OPTIMIZATION_LEVEL = "-O";
				VALIDATE_PRODUCT = YES;
			};
			name = Release;
		};
		67E226ED249A960E00601790 /* Debug */ = {
			isa = XCBuildConfiguration;
			buildSettings = {
				ASSETCATALOG_COMPILER_APPICON_NAME = AppIcon;
				CODE_SIGN_ENTITLEMENTS = CPSQuake/CPSQuake.entitlements;
				CODE_SIGN_STYLE = Automatic;
				DEVELOPMENT_ASSET_PATHS = "\"CPSQuake/Preview Content\"";
				DEVELOPMENT_TEAM = 4P8V9ZC6MM;
				ENABLE_PREVIEWS = YES;
				INFOPLIST_FILE = CPSQuake/Info.plist;
				LD_RUNPATH_SEARCH_PATHS = (
					"$(inherited)",
					"@executable_path/Frameworks",
				);
				PRODUCT_BUNDLE_IDENTIFIER = com.connectingpeoplesoftware.CPSQuake;
				PRODUCT_NAME = "$(TARGET_NAME)";
				SUPPORTS_MACCATALYST = YES;
				SWIFT_VERSION = 5.0;
				TARGETED_DEVICE_FAMILY = "1,2";
			};
			name = Debug;
		};
		67E226EE249A960E00601790 /* Release */ = {
			isa = XCBuildConfiguration;
			buildSettings = {
				ASSETCATALOG_COMPILER_APPICON_NAME = AppIcon;
				CODE_SIGN_ENTITLEMENTS = CPSQuake/CPSQuake.entitlements;
				CODE_SIGN_STYLE = Automatic;
				DEVELOPMENT_ASSET_PATHS = "\"CPSQuake/Preview Content\"";
				DEVELOPMENT_TEAM = 4P8V9ZC6MM;
				ENABLE_PREVIEWS = YES;
				INFOPLIST_FILE = CPSQuake/Info.plist;
				LD_RUNPATH_SEARCH_PATHS = (
					"$(inherited)",
					"@executable_path/Frameworks",
				);
				PRODUCT_BUNDLE_IDENTIFIER = com.connectingpeoplesoftware.CPSQuake;
				PRODUCT_NAME = "$(TARGET_NAME)";
				SUPPORTS_MACCATALYST = YES;
				SWIFT_VERSION = 5.0;
				TARGETED_DEVICE_FAMILY = "1,2";
			};
			name = Release;
		};
/* End XCBuildConfiguration section */

/* Begin XCConfigurationList section */
		67E226D3249A960C00601790 /* Build configuration list for PBXProject "CPSQuake" */ = {
			isa = XCConfigurationList;
			buildConfigurations = (
				67E226EA249A960E00601790 /* Debug */,
				67E226EB249A960E00601790 /* Release */,
			);
			defaultConfigurationIsVisible = 0;
			defaultConfigurationName = Release;
		};
		67E226EC249A960E00601790 /* Build configuration list for PBXNativeTarget "CPSQuake" */ = {
			isa = XCConfigurationList;
			buildConfigurations = (
				67E226ED249A960E00601790 /* Debug */,
				67E226EE249A960E00601790 /* Release */,
			);
			defaultConfigurationIsVisible = 0;
			defaultConfigurationName = Release;
		};
/* End XCConfigurationList section */
	};
	rootObject = 67E226D0249A960C00601790 /* Project object */;
}
